
Microsoft Visual Studio Solution File, Format Version 12.00
Project("{FAE04EC0-301F-11D3-BF4B-00C04F79EFBC}") = "Messenger.WebApi", "Messenger.WebApi\Messenger.WebApi.csproj", "{897209A7-C377-492B-AC2B-8604814C5798}"
EndProject
Project("{FAE04EC0-301F-11D3-BF4B-00C04F79EFBC}") = "Messenger.Domain", "Messenger.Domain\Messenger.Domain.csproj", "{96EC768E-40DA-4794-96C7-2E4FADAA8D50}"
EndProject
Project("{FAE04EC0-301F-11D3-BF4B-00C04F79EFBC}") = "Messenger.Persistence", "Messenger.Persistence\Messenger.Persistence.csproj", "{D7B4E60B-74F0-48C1-9357-53BA824D442E}"
EndProject
Project("{FAE04EC0-301F-11D3-BF4B-00C04F79EFBC}") = "Messenger.Application", "Messenger.Application\Messenger.Application.csproj", "{6A827041-D3E9-43F5-A9E2-722A3FC65AA9}"
EndProject
Project("{FAE04EC0-301F-11D3-BF4B-00C04F79EFBC}") = "Messenger.IntegrationTests", "Messenger.IntegrationTests\Messenger.IntegrationTests.csproj", "{98C05BC8-6764-42E3-9100-C2D655574E3C}"
EndProject
Project("{FAE04EC0-301F-11D3-BF4B-00C04F79EFBC}") = "Messenger.BusinessLogic", "Messenger.BusinessLogic\Messenger.BusinessLogic.csproj", "{ECFE25B9-287F-44AB-83C3-0607909C4303}"
EndProject
Project("{2150E333-8FDC-42A3-9474-1A3956D46DE8}") = "items", "items", "{2B4345B4-4772-48A3-BD44-8AF8F06F0A72}"
	ProjectSection(SolutionItems) = preProject
		.gitignore = .gitignore
		README.md = README.md
		.editorconfig = .editorconfig
		.gitattributes = .gitattributes
		nuget.config = nuget.config
	EndProjectSection
EndProject
Project("{2150E333-8FDC-42A3-9474-1A3956D46DE8}") = ".github", ".github", "{CD5D3173-E469-496C-ACAC-EF31C95D06E8}"
EndProject
Project("{2150E333-8FDC-42A3-9474-1A3956D46DE8}") = "workflows", "workflows", "{5C25C588-05D0-46A1-91CC-AED392804EAD}"
	ProjectSection(SolutionItems) = preProject
		.github\workflows\run-build-and-test.yml = .github\workflows\run-build-and-test.yml
		.github\workflows\wait_postgres_database.ps1 = .github\workflows\wait_postgres_database.ps1
		.github\workflows\react-build.yml = .github\workflows\react-build.yml
	EndProjectSection
EndProject
Project("{FAE04EC0-301F-11D3-BF4B-00C04F79EFBC}") = "Messenger.Infrastructure", "Messenger.Infrastructure\Messenger.Infrastructure.csproj", "{A523DA03-5478-4E7A-8040-4DB762FCDEEC}"
EndProject
Project("{2150E333-8FDC-42A3-9474-1A3956D46DE8}") = "img", "img", "{4D1F3EA5-7DF4-4278-840A-73F1CD31A08C}"
EndProject
Project("{2150E333-8FDC-42A3-9474-1A3956D46DE8}") = "SeedImages", "SeedImages", "{0E482466-549C-4C48-8624-2464D965BE8E}"
	ProjectSection(SolutionItems) = preProject
		img\SeedImages\dotnetchat.jpg = img\SeedImages\dotnetchat.jpg
		img\SeedImages\dotnettalkschat.jpg = img\SeedImages\dotnettalkschat.jpg
	EndProjectSection
EndProject
Global
	GlobalSection(SolutionConfigurationPlatforms) = preSolution
		Debug|Any CPU = Debug|Any CPU
		Release|Any CPU = Release|Any CPU
	EndGlobalSection
	GlobalSection(ProjectConfigurationPlatforms) = postSolution
		{897209A7-C377-492B-AC2B-8604814C5798}.Debug|Any CPU.ActiveCfg = Debug|Any CPU
		{897209A7-C377-492B-AC2B-8604814C5798}.Debug|Any CPU.Build.0 = Debug|Any CPU
		{897209A7-C377-492B-AC2B-8604814C5798}.Release|Any CPU.ActiveCfg = Release|Any CPU
		{897209A7-C377-492B-AC2B-8604814C5798}.Release|Any CPU.Build.0 = Release|Any CPU
		{96EC768E-40DA-4794-96C7-2E4FADAA8D50}.Debug|Any CPU.ActiveCfg = Debug|Any CPU
		{96EC768E-40DA-4794-96C7-2E4FADAA8D50}.Debug|Any CPU.Build.0 = Debug|Any CPU
		{96EC768E-40DA-4794-96C7-2E4FADAA8D50}.Release|Any CPU.ActiveCfg = Release|Any CPU
		{96EC768E-40DA-4794-96C7-2E4FADAA8D50}.Release|Any CPU.Build.0 = Release|Any CPU
		{D7B4E60B-74F0-48C1-9357-53BA824D442E}.Debug|Any CPU.ActiveCfg = Debug|Any CPU
		{D7B4E60B-74F0-48C1-9357-53BA824D442E}.Debug|Any CPU.Build.0 = Debug|Any CPU
		{D7B4E60B-74F0-48C1-9357-53BA824D442E}.Release|Any CPU.ActiveCfg = Release|Any CPU
		{D7B4E60B-74F0-48C1-9357-53BA824D442E}.Release|Any CPU.Build.0 = Release|Any CPU
		{6A827041-D3E9-43F5-A9E2-722A3FC65AA9}.Debug|Any CPU.ActiveCfg = Debug|Any CPU
		{6A827041-D3E9-43F5-A9E2-722A3FC65AA9}.Debug|Any CPU.Build.0 = Debug|Any CPU
		{6A827041-D3E9-43F5-A9E2-722A3FC65AA9}.Release|Any CPU.ActiveCfg = Release|Any CPU
		{6A827041-D3E9-43F5-A9E2-722A3FC65AA9}.Release|Any CPU.Build.0 = Release|Any CPU
		{98C05BC8-6764-42E3-9100-C2D655574E3C}.Debug|Any CPU.ActiveCfg = Debug|Any CPU
		{98C05BC8-6764-42E3-9100-C2D655574E3C}.Debug|Any CPU.Build.0 = Debug|Any CPU
		{98C05BC8-6764-42E3-9100-C2D655574E3C}.Release|Any CPU.ActiveCfg = Release|Any CPU
		{98C05BC8-6764-42E3-9100-C2D655574E3C}.Release|Any CPU.Build.0 = Release|Any CPU
		{ECFE25B9-287F-44AB-83C3-0607909C4303}.Debug|Any CPU.ActiveCfg = Debug|Any CPU
		{ECFE25B9-287F-44AB-83C3-0607909C4303}.Debug|Any CPU.Build.0 = Debug|Any CPU
		{ECFE25B9-287F-44AB-83C3-0607909C4303}.Release|Any CPU.ActiveCfg = Release|Any CPU
		{ECFE25B9-287F-44AB-83C3-0607909C4303}.Release|Any CPU.Build.0 = Release|Any CPU
		{A523DA03-5478-4E7A-8040-4DB762FCDEEC}.Debug|Any CPU.ActiveCfg = Debug|Any CPU
		{A523DA03-5478-4E7A-8040-4DB762FCDEEC}.Debug|Any CPU.Build.0 = Debug|Any CPU
		{A523DA03-5478-4E7A-8040-4DB762FCDEEC}.Release|Any CPU.ActiveCfg = Release|Any CPU
		{A523DA03-5478-4E7A-8040-4DB762FCDEEC}.Release|Any CPU.Build.0 = Release|Any CPU
	EndGlobalSection
	GlobalSection(NestedProjects) = preSolution
		{5C25C588-05D0-46A1-91CC-AED392804EAD} = {CD5D3173-E469-496C-ACAC-EF31C95D06E8}
		{0E482466-549C-4C48-8624-2464D965BE8E} = {4D1F3EA5-7DF4-4278-840A-73F1CD31A08C}
	EndGlobalSection
EndGlobal
